// !$*UTF8*$!
{
	archiveVersion = 1;
	classes = {
	};
	objectVersion = 51;
	objects = {

/* Begin PBXBuildFile section */
		896C2AEE50A777B22AC8F996 /* Pods_firebase_auth_iosUITests.framework in Frameworks */ = {isa = PBXBuildFile; fileRef = 8843C2B5D0756B41D33641DB /* Pods_firebase_auth_iosUITests.framework */; };
		9A6F738F239A995E003CA080 /* AppDelegate.swift in Sources */ = {isa = PBXBuildFile; fileRef = 9A6F738E239A995E003CA080 /* AppDelegate.swift */; };
		9A6F7393239A995E003CA080 /* ViewController.swift in Sources */ = {isa = PBXBuildFile; fileRef = 9A6F7392239A995E003CA080 /* ViewController.swift */; };
		9A6F7396239A995E003CA080 /* Main.storyboard in Resources */ = {isa = PBXBuildFile; fileRef = 9A6F7394239A995E003CA080 /* Main.storyboard */; };
		9A6F7398239A995F003CA080 /* Assets.xcassets in Resources */ = {isa = PBXBuildFile; fileRef = 9A6F7397239A995F003CA080 /* Assets.xcassets */; };
		9A6F739B239A995F003CA080 /* LaunchScreen.storyboard in Resources */ = {isa = PBXBuildFile; fileRef = 9A6F7399239A995F003CA080 /* LaunchScreen.storyboard */; };
		9A6F73A6239A995F003CA080 /* firebase_auth_iosTests.swift in Sources */ = {isa = PBXBuildFile; fileRef = 9A6F73A5239A995F003CA080 /* firebase_auth_iosTests.swift */; };
		9A6F73B1239A995F003CA080 /* firebase_auth_iosUITests.swift in Sources */ = {isa = PBXBuildFile; fileRef = 9A6F73B0239A995F003CA080 /* firebase_auth_iosUITests.swift */; };
		9ACDC677239ADE8D005A3BC8 /* GoogleService-Info.plist in Resources */ = {isa = PBXBuildFile; fileRef = 9ACDC676239ADE8D005A3BC8 /* GoogleService-Info.plist */; };
		9ACDC679239ADEC5005A3BC8 /* Login.storyboard in Resources */ = {isa = PBXBuildFile; fileRef = 9ACDC678239ADEC5005A3BC8 /* Login.storyboard */; };
		9ACDC67B239ADF43005A3BC8 /* LoginViewController.swift in Sources */ = {isa = PBXBuildFile; fileRef = 9ACDC67A239ADF43005A3BC8 /* LoginViewController.swift */; };
		9ACDC681239AE2B1005A3BC8 /* UIStoryboardExtensions.swift in Sources */ = {isa = PBXBuildFile; fileRef = 9ACDC680239AE2B1005A3BC8 /* UIStoryboardExtensions.swift */; };
		9ACDC683239AE2EA005A3BC8 /* StoryboardIdentifiers.swift in Sources */ = {isa = PBXBuildFile; fileRef = 9ACDC682239AE2EA005A3BC8 /* StoryboardIdentifiers.swift */; };
		9ACDC685239B5342005A3BC8 /* APIClient.swift in Sources */ = {isa = PBXBuildFile; fileRef = 9ACDC684239B5342005A3BC8 /* APIClient.swift */; };
		9ACDC687239B54FF005A3BC8 /* Constants.swift in Sources */ = {isa = PBXBuildFile; fileRef = 9ACDC686239B54FF005A3BC8 /* Constants.swift */; };
		DB217DBB8F0995A7F6F4F67F /* Pods_firebase_auth_ios.framework in Frameworks */ = {isa = PBXBuildFile; fileRef = 8E6FAD381E13766392C79D0C /* Pods_firebase_auth_ios.framework */; };
		E9463E6FE7DFBED3C21ADAE1 /* Pods_firebase_auth_iosTests.framework in Frameworks */ = {isa = PBXBuildFile; fileRef = 77D633354F9F728C8A35EF02 /* Pods_firebase_auth_iosTests.framework */; };
/* End PBXBuildFile section */

/* Begin PBXContainerItemProxy section */
		9A6F73A2239A995F003CA080 /* PBXContainerItemProxy */ = {
			isa = PBXContainerItemProxy;
			containerPortal = 9A6F7383239A995E003CA080 /* Project object */;
			proxyType = 1;
			remoteGlobalIDString = 9A6F738A239A995E003CA080;
			remoteInfo = "firebase-auth-ios";
		};
		9A6F73AD239A995F003CA080 /* PBXContainerItemProxy */ = {
			isa = PBXContainerItemProxy;
			containerPortal = 9A6F7383239A995E003CA080 /* Project object */;
			proxyType = 1;
			remoteGlobalIDString = 9A6F738A239A995E003CA080;
			remoteInfo = "firebase-auth-ios";
		};
/* End PBXContainerItemProxy section */

/* Begin PBXFileReference section */
		190F2799467D062B936B05CC /* Pods-firebase-auth-iosUITests.debug.xcconfig */ = {isa = PBXFileReference; includeInIndex = 1; lastKnownFileType = text.xcconfig; name = "Pods-firebase-auth-iosUITests.debug.xcconfig"; path = "Target Support Files/Pods-firebase-auth-iosUITests/Pods-firebase-auth-iosUITests.debug.xcconfig"; sourceTree = "<group>"; };
		2E422758337DAC4E719F34A5 /* Pods-firebase-auth-ios.debug.xcconfig */ = {isa = PBXFileReference; includeInIndex = 1; lastKnownFileType = text.xcconfig; name = "Pods-firebase-auth-ios.debug.xcconfig"; path = "Target Support Files/Pods-firebase-auth-ios/Pods-firebase-auth-ios.debug.xcconfig"; sourceTree = "<group>"; };
		77D633354F9F728C8A35EF02 /* Pods_firebase_auth_iosTests.framework */ = {isa = PBXFileReference; explicitFileType = wrapper.framework; includeInIndex = 0; path = Pods_firebase_auth_iosTests.framework; sourceTree = BUILT_PRODUCTS_DIR; };
		8843C2B5D0756B41D33641DB /* Pods_firebase_auth_iosUITests.framework */ = {isa = PBXFileReference; explicitFileType = wrapper.framework; includeInIndex = 0; path = Pods_firebase_auth_iosUITests.framework; sourceTree = BUILT_PRODUCTS_DIR; };
		8E6FAD381E13766392C79D0C /* Pods_firebase_auth_ios.framework */ = {isa = PBXFileReference; explicitFileType = wrapper.framework; includeInIndex = 0; path = Pods_firebase_auth_ios.framework; sourceTree = BUILT_PRODUCTS_DIR; };
		96DC6388401A6BAB716776CF /* Pods-firebase-auth-iosTests.release.xcconfig */ = {isa = PBXFileReference; includeInIndex = 1; lastKnownFileType = text.xcconfig; name = "Pods-firebase-auth-iosTests.release.xcconfig"; path = "Target Support Files/Pods-firebase-auth-iosTests/Pods-firebase-auth-iosTests.release.xcconfig"; sourceTree = "<group>"; };
		9A6F738B239A995E003CA080 /* firebase-auth-ios.app */ = {isa = PBXFileReference; explicitFileType = wrapper.application; includeInIndex = 0; path = "firebase-auth-ios.app"; sourceTree = BUILT_PRODUCTS_DIR; };
		9A6F738E239A995E003CA080 /* AppDelegate.swift */ = {isa = PBXFileReference; lastKnownFileType = sourcecode.swift; path = AppDelegate.swift; sourceTree = "<group>"; };
		9A6F7392239A995E003CA080 /* ViewController.swift */ = {isa = PBXFileReference; lastKnownFileType = sourcecode.swift; path = ViewController.swift; sourceTree = "<group>"; };
		9A6F7395239A995E003CA080 /* Base */ = {isa = PBXFileReference; lastKnownFileType = file.storyboard; name = Base; path = Base.lproj/Main.storyboard; sourceTree = "<group>"; };
		9A6F7397239A995F003CA080 /* Assets.xcassets */ = {isa = PBXFileReference; lastKnownFileType = folder.assetcatalog; path = Assets.xcassets; sourceTree = "<group>"; };
		9A6F739A239A995F003CA080 /* Base */ = {isa = PBXFileReference; lastKnownFileType = file.storyboard; name = Base; path = Base.lproj/LaunchScreen.storyboard; sourceTree = "<group>"; };
		9A6F739C239A995F003CA080 /* Info.plist */ = {isa = PBXFileReference; lastKnownFileType = text.plist.xml; path = Info.plist; sourceTree = "<group>"; };
		9A6F73A1239A995F003CA080 /* firebase-auth-iosTests.xctest */ = {isa = PBXFileReference; explicitFileType = wrapper.cfbundle; includeInIndex = 0; path = "firebase-auth-iosTests.xctest"; sourceTree = BUILT_PRODUCTS_DIR; };
		9A6F73A5239A995F003CA080 /* firebase_auth_iosTests.swift */ = {isa = PBXFileReference; lastKnownFileType = sourcecode.swift; path = firebase_auth_iosTests.swift; sourceTree = "<group>"; };
		9A6F73A7239A995F003CA080 /* Info.plist */ = {isa = PBXFileReference; lastKnownFileType = text.plist.xml; path = Info.plist; sourceTree = "<group>"; };
		9A6F73AC239A995F003CA080 /* firebase-auth-iosUITests.xctest */ = {isa = PBXFileReference; explicitFileType = wrapper.cfbundle; includeInIndex = 0; path = "firebase-auth-iosUITests.xctest"; sourceTree = BUILT_PRODUCTS_DIR; };
		9A6F73B0239A995F003CA080 /* firebase_auth_iosUITests.swift */ = {isa = PBXFileReference; lastKnownFileType = sourcecode.swift; path = firebase_auth_iosUITests.swift; sourceTree = "<group>"; };
		9A6F73B2239A995F003CA080 /* Info.plist */ = {isa = PBXFileReference; lastKnownFileType = text.plist.xml; path = Info.plist; sourceTree = "<group>"; };
		9ACDC676239ADE8D005A3BC8 /* GoogleService-Info.plist */ = {isa = PBXFileReference; lastKnownFileType = text.plist; path = "GoogleService-Info.plist"; sourceTree = SOURCE_ROOT; };
		9ACDC678239ADEC5005A3BC8 /* Login.storyboard */ = {isa = PBXFileReference; lastKnownFileType = file.storyboard; path = Login.storyboard; sourceTree = "<group>"; };
		9ACDC67A239ADF43005A3BC8 /* LoginViewController.swift */ = {isa = PBXFileReference; lastKnownFileType = sourcecode.swift; path = LoginViewController.swift; sourceTree = "<group>"; };
		9ACDC680239AE2B1005A3BC8 /* UIStoryboardExtensions.swift */ = {isa = PBXFileReference; lastKnownFileType = sourcecode.swift; path = UIStoryboardExtensions.swift; sourceTree = "<group>"; };
		9ACDC682239AE2EA005A3BC8 /* StoryboardIdentifiers.swift */ = {isa = PBXFileReference; lastKnownFileType = sourcecode.swift; path = StoryboardIdentifiers.swift; sourceTree = "<group>"; };
		9ACDC684239B5342005A3BC8 /* APIClient.swift */ = {isa = PBXFileReference; lastKnownFileType = sourcecode.swift; path = APIClient.swift; sourceTree = "<group>"; };
		9ACDC686239B54FF005A3BC8 /* Constants.swift */ = {isa = PBXFileReference; lastKnownFileType = sourcecode.swift; path = Constants.swift; sourceTree = "<group>"; };
		B35E4226CAD97BE5C645B8FB /* Pods-firebase-auth-iosTests.debug.xcconfig */ = {isa = PBXFileReference; includeInIndex = 1; lastKnownFileType = text.xcconfig; name = "Pods-firebase-auth-iosTests.debug.xcconfig"; path = "Target Support Files/Pods-firebase-auth-iosTests/Pods-firebase-auth-iosTests.debug.xcconfig"; sourceTree = "<group>"; };
		C1CF92246BA07D6E3CE90435 /* Pods-firebase-auth-ios.release.xcconfig */ = {isa = PBXFileReference; includeInIndex = 1; lastKnownFileType = text.xcconfig; name = "Pods-firebase-auth-ios.release.xcconfig"; path = "Target Support Files/Pods-firebase-auth-ios/Pods-firebase-auth-ios.release.xcconfig"; sourceTree = "<group>"; };
		EF0F3A84031FA7EDD06A6C7F /* Pods-firebase-auth-iosUITests.release.xcconfig */ = {isa = PBXFileReference; includeInIndex = 1; lastKnownFileType = text.xcconfig; name = "Pods-firebase-auth-iosUITests.release.xcconfig"; path = "Target Support Files/Pods-firebase-auth-iosUITests/Pods-firebase-auth-iosUITests.release.xcconfig"; sourceTree = "<group>"; };
/* End PBXFileReference section */

/* Begin PBXFrameworksBuildPhase section */
		9A6F7388239A995E003CA080 /* Frameworks */ = {
			isa = PBXFrameworksBuildPhase;
			buildActionMask = 2147483647;
			files = (
				DB217DBB8F0995A7F6F4F67F /* Pods_firebase_auth_ios.framework in Frameworks */,
			);
			runOnlyForDeploymentPostprocessing = 0;
		};
		9A6F739E239A995F003CA080 /* Frameworks */ = {
			isa = PBXFrameworksBuildPhase;
			buildActionMask = 2147483647;
			files = (
				E9463E6FE7DFBED3C21ADAE1 /* Pods_firebase_auth_iosTests.framework in Frameworks */,
			);
			runOnlyForDeploymentPostprocessing = 0;
		};
		9A6F73A9239A995F003CA080 /* Frameworks */ = {
			isa = PBXFrameworksBuildPhase;
			buildActionMask = 2147483647;
			files = (
				896C2AEE50A777B22AC8F996 /* Pods_firebase_auth_iosUITests.framework in Frameworks */,
			);
			runOnlyForDeploymentPostprocessing = 0;
		};
/* End PBXFrameworksBuildPhase section */

/* Begin PBXGroup section */
		9A6F7382239A995E003CA080 = {
			isa = PBXGroup;
			children = (
				9A6F738D239A995E003CA080 /* firebase-auth-ios */,
				9A6F73A4239A995F003CA080 /* firebase-auth-iosTests */,
				9A6F73AF239A995F003CA080 /* firebase-auth-iosUITests */,
				9A6F738C239A995E003CA080 /* Products */,
				CF10C6AA4388A3B285AE02BB /* Pods */,
				D9B377C521A2BEE6A6193EC0 /* Frameworks */,
			);
			sourceTree = "<group>";
		};
		9A6F738C239A995E003CA080 /* Products */ = {
			isa = PBXGroup;
			children = (
				9A6F738B239A995E003CA080 /* firebase-auth-ios.app */,
				9A6F73A1239A995F003CA080 /* firebase-auth-iosTests.xctest */,
				9A6F73AC239A995F003CA080 /* firebase-auth-iosUITests.xctest */,
			);
			name = Products;
			sourceTree = "<group>";
		};
		9A6F738D239A995E003CA080 /* firebase-auth-ios */ = {
			isa = PBXGroup;
			children = (
				9A6F738E239A995E003CA080 /* AppDelegate.swift */,
				9A6F7392239A995E003CA080 /* ViewController.swift */,
				9A6F7394239A995E003CA080 /* Main.storyboard */,
				9A6F7397239A995F003CA080 /* Assets.xcassets */,
				9A6F7399239A995F003CA080 /* LaunchScreen.storyboard */,
				9A6F739C239A995F003CA080 /* Info.plist */,
				9ACDC676239ADE8D005A3BC8 /* GoogleService-Info.plist */,
				9ACDC678239ADEC5005A3BC8 /* Login.storyboard */,
				9ACDC67A239ADF43005A3BC8 /* LoginViewController.swift */,
				9ACDC680239AE2B1005A3BC8 /* UIStoryboardExtensions.swift */,
				9ACDC682239AE2EA005A3BC8 /* StoryboardIdentifiers.swift */,
				9ACDC684239B5342005A3BC8 /* APIClient.swift */,
				9ACDC686239B54FF005A3BC8 /* Constants.swift */,
			);
			path = "firebase-auth-ios";
			sourceTree = "<group>";
		};
		9A6F73A4239A995F003CA080 /* firebase-auth-iosTests */ = {
			isa = PBXGroup;
			children = (
				9A6F73A5239A995F003CA080 /* firebase_auth_iosTests.swift */,
				9A6F73A7239A995F003CA080 /* Info.plist */,
			);
			path = "firebase-auth-iosTests";
			sourceTree = "<group>";
		};
		9A6F73AF239A995F003CA080 /* firebase-auth-iosUITests */ = {
			isa = PBXGroup;
			children = (
				9A6F73B0239A995F003CA080 /* firebase_auth_iosUITests.swift */,
				9A6F73B2239A995F003CA080 /* Info.plist */,
			);
			path = "firebase-auth-iosUITests";
			sourceTree = "<group>";
		};
		CF10C6AA4388A3B285AE02BB /* Pods */ = {
			isa = PBXGroup;
			children = (
				2E422758337DAC4E719F34A5 /* Pods-firebase-auth-ios.debug.xcconfig */,
				C1CF92246BA07D6E3CE90435 /* Pods-firebase-auth-ios.release.xcconfig */,
				B35E4226CAD97BE5C645B8FB /* Pods-firebase-auth-iosTests.debug.xcconfig */,
				96DC6388401A6BAB716776CF /* Pods-firebase-auth-iosTests.release.xcconfig */,
				190F2799467D062B936B05CC /* Pods-firebase-auth-iosUITests.debug.xcconfig */,
				EF0F3A84031FA7EDD06A6C7F /* Pods-firebase-auth-iosUITests.release.xcconfig */,
			);
			path = Pods;
			sourceTree = "<group>";
		};
		D9B377C521A2BEE6A6193EC0 /* Frameworks */ = {
			isa = PBXGroup;
			children = (
				8E6FAD381E13766392C79D0C /* Pods_firebase_auth_ios.framework */,
				77D633354F9F728C8A35EF02 /* Pods_firebase_auth_iosTests.framework */,
				8843C2B5D0756B41D33641DB /* Pods_firebase_auth_iosUITests.framework */,
			);
			name = Frameworks;
			sourceTree = "<group>";
		};
/* End PBXGroup section */

/* Begin PBXNativeTarget section */
		9A6F738A239A995E003CA080 /* firebase-auth-ios */ = {
			isa = PBXNativeTarget;
			buildConfigurationList = 9A6F73B5239A995F003CA080 /* Build configuration list for PBXNativeTarget "firebase-auth-ios" */;
			buildPhases = (
				7066FD60396EA0ED2D1B5197 /* [CP] Check Pods Manifest.lock */,
				9A6F7387239A995E003CA080 /* Sources */,
				9A6F7388239A995E003CA080 /* Frameworks */,
				9A6F7389239A995E003CA080 /* Resources */,
				95ADF4B7E012076A96B22322 /* [CP] Embed Pods Frameworks */,
				4852CD61B45BE7043AC3F1F8 /* [CP] Copy Pods Resources */,
			);
			buildRules = (
			);
			dependencies = (
			);
			name = "firebase-auth-ios";
			productName = "firebase-auth-ios";
			productReference = 9A6F738B239A995E003CA080 /* firebase-auth-ios.app */;
			productType = "com.apple.product-type.application";
		};
		9A6F73A0239A995F003CA080 /* firebase-auth-iosTests */ = {
			isa = PBXNativeTarget;
			buildConfigurationList = 9A6F73B8239A995F003CA080 /* Build configuration list for PBXNativeTarget "firebase-auth-iosTests" */;
			buildPhases = (
				F47AE69849B95A5D3609C2B6 /* [CP] Check Pods Manifest.lock */,
				9A6F739D239A995F003CA080 /* Sources */,
				9A6F739E239A995F003CA080 /* Frameworks */,
				9A6F739F239A995F003CA080 /* Resources */,
			);
			buildRules = (
			);
			dependencies = (
				9A6F73A3239A995F003CA080 /* PBXTargetDependency */,
			);
			name = "firebase-auth-iosTests";
			productName = "firebase-auth-iosTests";
			productReference = 9A6F73A1239A995F003CA080 /* firebase-auth-iosTests.xctest */;
			productType = "com.apple.product-type.bundle.unit-test";
		};
		9A6F73AB239A995F003CA080 /* firebase-auth-iosUITests */ = {
			isa = PBXNativeTarget;
			buildConfigurationList = 9A6F73BB239A995F003CA080 /* Build configuration list for PBXNativeTarget "firebase-auth-iosUITests" */;
			buildPhases = (
				61C5BAB18970109AED571AA0 /* [CP] Check Pods Manifest.lock */,
				9A6F73A8239A995F003CA080 /* Sources */,
				9A6F73A9239A995F003CA080 /* Frameworks */,
				9A6F73AA239A995F003CA080 /* Resources */,
			);
			buildRules = (
			);
			dependencies = (
				9A6F73AE239A995F003CA080 /* PBXTargetDependency */,
			);
			name = "firebase-auth-iosUITests";
			productName = "firebase-auth-iosUITests";
			productReference = 9A6F73AC239A995F003CA080 /* firebase-auth-iosUITests.xctest */;
			productType = "com.apple.product-type.bundle.ui-testing";
		};
/* End PBXNativeTarget section */

/* Begin PBXProject section */
		9A6F7383239A995E003CA080 /* Project object */ = {
			isa = PBXProject;
			attributes = {
				LastSwiftUpdateCheck = 1120;
				LastUpgradeCheck = 1120;
				ORGANIZATIONNAME = example;
				TargetAttributes = {
					9A6F738A239A995E003CA080 = {
						CreatedOnToolsVersion = 11.2.1;
					};
					9A6F73A0239A995F003CA080 = {
						CreatedOnToolsVersion = 11.2.1;
						TestTargetID = 9A6F738A239A995E003CA080;
					};
					9A6F73AB239A995F003CA080 = {
						CreatedOnToolsVersion = 11.2.1;
						TestTargetID = 9A6F738A239A995E003CA080;
					};
				};
			};
			buildConfigurationList = 9A6F7386239A995E003CA080 /* Build configuration list for PBXProject "firebase-auth-ios" */;
			compatibilityVersion = "Xcode 9.3";
			developmentRegion = en;
			hasScannedForEncodings = 0;
			knownRegions = (
				en,
				Base,
			);
			mainGroup = 9A6F7382239A995E003CA080;
			productRefGroup = 9A6F738C239A995E003CA080 /* Products */;
			projectDirPath = "";
			projectRoot = "";
			targets = (
				9A6F738A239A995E003CA080 /* firebase-auth-ios */,
				9A6F73A0239A995F003CA080 /* firebase-auth-iosTests */,
				9A6F73AB239A995F003CA080 /* firebase-auth-iosUITests */,
			);
		};
/* End PBXProject section */

/* Begin PBXResourcesBuildPhase section */
		9A6F7389239A995E003CA080 /* Resources */ = {
			isa = PBXResourcesBuildPhase;
			buildActionMask = 2147483647;
			files = (
				9A6F739B239A995F003CA080 /* LaunchScreen.storyboard in Resources */,
				9ACDC677239ADE8D005A3BC8 /* GoogleService-Info.plist in Resources */,
				9A6F7398239A995F003CA080 /* Assets.xcassets in Resources */,
				9ACDC679239ADEC5005A3BC8 /* Login.storyboard in Resources */,
				9A6F7396239A995E003CA080 /* Main.storyboard in Resources */,
			);
			runOnlyForDeploymentPostprocessing = 0;
		};
		9A6F739F239A995F003CA080 /* Resources */ = {
			isa = PBXResourcesBuildPhase;
			buildActionMask = 2147483647;
			files = (
			);
			runOnlyForDeploymentPostprocessing = 0;
		};
		9A6F73AA239A995F003CA080 /* Resources */ = {
			isa = PBXResourcesBuildPhase;
			buildActionMask = 2147483647;
			files = (
			);
			runOnlyForDeploymentPostprocessing = 0;
		};
/* End PBXResourcesBuildPhase section */

/* Begin PBXShellScriptBuildPhase section */
		4852CD61B45BE7043AC3F1F8 /* [CP] Copy Pods Resources */ = {
			isa = PBXShellScriptBuildPhase;
			buildActionMask = 2147483647;
			files = (
			);
			inputFileListPaths = (
				"${PODS_ROOT}/Target Support Files/Pods-firebase-auth-ios/Pods-firebase-auth-ios-resources-${CONFIGURATION}-input-files.xcfilelist",
			);
			name = "[CP] Copy Pods Resources";
			outputFileListPaths = (
				"${PODS_ROOT}/Target Support Files/Pods-firebase-auth-ios/Pods-firebase-auth-ios-resources-${CONFIGURATION}-output-files.xcfilelist",
			);
			runOnlyForDeploymentPostprocessing = 0;
			shellPath = /bin/sh;
			shellScript = "\"${PODS_ROOT}/Target Support Files/Pods-firebase-auth-ios/Pods-firebase-auth-ios-resources.sh\"\n";
			showEnvVarsInLog = 0;
		};
		61C5BAB18970109AED571AA0 /* [CP] Check Pods Manifest.lock */ = {
			isa = PBXShellScriptBuildPhase;
			buildActionMask = 2147483647;
			files = (
			);
			inputFileListPaths = (
			);
			inputPaths = (
				"${PODS_PODFILE_DIR_PATH}/Podfile.lock",
				"${PODS_ROOT}/Manifest.lock",
			);
			name = "[CP] Check Pods Manifest.lock";
			outputFileListPaths = (
			);
			outputPaths = (
				"$(DERIVED_FILE_DIR)/Pods-firebase-auth-iosUITests-checkManifestLockResult.txt",
			);
			runOnlyForDeploymentPostprocessing = 0;
			shellPath = /bin/sh;
			shellScript = "diff \"${PODS_PODFILE_DIR_PATH}/Podfile.lock\" \"${PODS_ROOT}/Manifest.lock\" > /dev/null\nif [ $? != 0 ] ; then\n    # print error to STDERR\n    echo \"error: The sandbox is not in sync with the Podfile.lock. Run 'pod install' or update your CocoaPods installation.\" >&2\n    exit 1\nfi\n# This output is used by Xcode 'outputs' to avoid re-running this script phase.\necho \"SUCCESS\" > \"${SCRIPT_OUTPUT_FILE_0}\"\n";
			showEnvVarsInLog = 0;
		};
		7066FD60396EA0ED2D1B5197 /* [CP] Check Pods Manifest.lock */ = {
			isa = PBXShellScriptBuildPhase;
			buildActionMask = 2147483647;
			files = (
			);
			inputFileListPaths = (
			);
			inputPaths = (
				"${PODS_PODFILE_DIR_PATH}/Podfile.lock",
				"${PODS_ROOT}/Manifest.lock",
			);
			name = "[CP] Check Pods Manifest.lock";
			outputFileListPaths = (
			);
			outputPaths = (
				"$(DERIVED_FILE_DIR)/Pods-firebase-auth-ios-checkManifestLockResult.txt",
			);
			runOnlyForDeploymentPostprocessing = 0;
			shellPath = /bin/sh;
			shellScript = "diff \"${PODS_PODFILE_DIR_PATH}/Podfile.lock\" \"${PODS_ROOT}/Manifest.lock\" > /dev/null\nif [ $? != 0 ] ; then\n    # print error to STDERR\n    echo \"error: The sandbox is not in sync with the Podfile.lock. Run 'pod install' or update your CocoaPods installation.\" >&2\n    exit 1\nfi\n# This output is used by Xcode 'outputs' to avoid re-running this script phase.\necho \"SUCCESS\" > \"${SCRIPT_OUTPUT_FILE_0}\"\n";
			showEnvVarsInLog = 0;
		};
		95ADF4B7E012076A96B22322 /* [CP] Embed Pods Frameworks */ = {
			isa = PBXShellScriptBuildPhase;
			buildActionMask = 2147483647;
			files = (
			);
			inputFileListPaths = (
				"${PODS_ROOT}/Target Support Files/Pods-firebase-auth-ios/Pods-firebase-auth-ios-frameworks-${CONFIGURATION}-input-files.xcfilelist",
			);
			name = "[CP] Embed Pods Frameworks";
			outputFileListPaths = (
				"${PODS_ROOT}/Target Support Files/Pods-firebase-auth-ios/Pods-firebase-auth-ios-frameworks-${CONFIGURATION}-output-files.xcfilelist",
			);
			runOnlyForDeploymentPostprocessing = 0;
			shellPath = /bin/sh;
			shellScript = "\"${PODS_ROOT}/Target Support Files/Pods-firebase-auth-ios/Pods-firebase-auth-ios-frameworks.sh\"\n";
			showEnvVarsInLog = 0;
		};
		F47AE69849B95A5D3609C2B6 /* [CP] Check Pods Manifest.lock */ = {
			isa = PBXShellScriptBuildPhase;
			buildActionMask = 2147483647;
			files = (
			);
			inputFileListPaths = (
			);
			inputPaths = (
				"${PODS_PODFILE_DIR_PATH}/Podfile.lock",
				"${PODS_ROOT}/Manifest.lock",
			);
			name = "[CP] Check Pods Manifest.lock";
			outputFileListPaths = (
			);
			outputPaths = (
				"$(DERIVED_FILE_DIR)/Pods-firebase-auth-iosTests-checkManifestLockResult.txt",
			);
			runOnlyForDeploymentPostprocessing = 0;
			shellPath = /bin/sh;
			shellScript = "diff \"${PODS_PODFILE_DIR_PATH}/Podfile.lock\" \"${PODS_ROOT}/Manifest.lock\" > /dev/null\nif [ $? != 0 ] ; then\n    # print error to STDERR\n    echo \"error: The sandbox is not in sync with the Podfile.lock. Run 'pod install' or update your CocoaPods installation.\" >&2\n    exit 1\nfi\n# This output is used by Xcode 'outputs' to avoid re-running this script phase.\necho \"SUCCESS\" > \"${SCRIPT_OUTPUT_FILE_0}\"\n";
			showEnvVarsInLog = 0;
		};
/* End PBXShellScriptBuildPhase section */

/* Begin PBXSourcesBuildPhase section */
		9A6F7387239A995E003CA080 /* Sources */ = {
			isa = PBXSourcesBuildPhase;
			buildActionMask = 2147483647;
			files = (
				9ACDC67B239ADF43005A3BC8 /* LoginViewController.swift in Sources */,
				9ACDC683239AE2EA005A3BC8 /* StoryboardIdentifiers.swift in Sources */,
				9A6F7393239A995E003CA080 /* ViewController.swift in Sources */,
				9A6F738F239A995E003CA080 /* AppDelegate.swift in Sources */,
				9ACDC687239B54FF005A3BC8 /* Constants.swift in Sources */,
				9ACDC681239AE2B1005A3BC8 /* UIStoryboardExtensions.swift in Sources */,
				9ACDC685239B5342005A3BC8 /* APIClient.swift in Sources */,
			);
			runOnlyForDeploymentPostprocessing = 0;
		};
		9A6F739D239A995F003CA080 /* Sources */ = {
			isa = PBXSourcesBuildPhase;
			buildActionMask = 2147483647;
			files = (
				9A6F73A6239A995F003CA080 /* firebase_auth_iosTests.swift in Sources */,
			);
			runOnlyForDeploymentPostprocessing = 0;
		};
		9A6F73A8239A995F003CA080 /* Sources */ = {
			isa = PBXSourcesBuildPhase;
			buildActionMask = 2147483647;
			files = (
				9A6F73B1239A995F003CA080 /* firebase_auth_iosUITests.swift in Sources */,
			);
			runOnlyForDeploymentPostprocessing = 0;
		};
/* End PBXSourcesBuildPhase section */

/* Begin PBXTargetDependency section */
		9A6F73A3239A995F003CA080 /* PBXTargetDependency */ = {
			isa = PBXTargetDependency;
			target = 9A6F738A239A995E003CA080 /* firebase-auth-ios */;
			targetProxy = 9A6F73A2239A995F003CA080 /* PBXContainerItemProxy */;
		};
		9A6F73AE239A995F003CA080 /* PBXTargetDependency */ = {
			isa = PBXTargetDependency;
			target = 9A6F738A239A995E003CA080 /* firebase-auth-ios */;
			targetProxy = 9A6F73AD239A995F003CA080 /* PBXContainerItemProxy */;
		};
/* End PBXTargetDependency section */

/* Begin PBXVariantGroup section */
		9A6F7394239A995E003CA080 /* Main.storyboard */ = {
			isa = PBXVariantGroup;
			children = (
				9A6F7395239A995E003CA080 /* Base */,
			);
			name = Main.storyboard;
			sourceTree = "<group>";
		};
		9A6F7399239A995F003CA080 /* LaunchScreen.storyboard */ = {
			isa = PBXVariantGroup;
			children = (
				9A6F739A239A995F003CA080 /* Base */,
			);
			name = LaunchScreen.storyboard;
			sourceTree = "<group>";
		};
/* End PBXVariantGroup section */

/* Begin XCBuildConfiguration section */
		9A6F73B3239A995F003CA080 /* Debug */ = {
			isa = XCBuildConfiguration;
			buildSettings = {
				ALWAYS_SEARCH_USER_PATHS = NO;
				CLANG_ANALYZER_NONNULL = YES;
				CLANG_ANALYZER_NUMBER_OBJECT_CONVERSION = YES_AGGRESSIVE;
				CLANG_CXX_LANGUAGE_STANDARD = "gnu++14";
				CLANG_CXX_LIBRARY = "libc++";
				CLANG_ENABLE_MODULES = YES;
				CLANG_ENABLE_OBJC_ARC = YES;
				CLANG_ENABLE_OBJC_WEAK = YES;
				CLANG_WARN_BLOCK_CAPTURE_AUTORELEASING = YES;
				CLANG_WARN_BOOL_CONVERSION = YES;
				CLANG_WARN_COMMA = YES;
				CLANG_WARN_CONSTANT_CONVERSION = YES;
				CLANG_WARN_DEPRECATED_OBJC_IMPLEMENTATIONS = YES;
				CLANG_WARN_DIRECT_OBJC_ISA_USAGE = YES_ERROR;
				CLANG_WARN_DOCUMENTATION_COMMENTS = YES;
				CLANG_WARN_EMPTY_BODY = YES;
				CLANG_WARN_ENUM_CONVERSION = YES;
				CLANG_WARN_INFINITE_RECURSION = YES;
				CLANG_WARN_INT_CONVERSION = YES;
				CLANG_WARN_NON_LITERAL_NULL_CONVERSION = YES;
				CLANG_WARN_OBJC_IMPLICIT_RETAIN_SELF = YES;
				CLANG_WARN_OBJC_LITERAL_CONVERSION = YES;
				CLANG_WARN_OBJC_ROOT_CLASS = YES_ERROR;
				CLANG_WARN_RANGE_LOOP_ANALYSIS = YES;
				CLANG_WARN_STRICT_PROTOTYPES = YES;
				CLANG_WARN_SUSPICIOUS_MOVE = YES;
				CLANG_WARN_UNGUARDED_AVAILABILITY = YES_AGGRESSIVE;
				CLANG_WARN_UNREACHABLE_CODE = YES;
				CLANG_WARN__DUPLICATE_METHOD_MATCH = YES;
				COPY_PHASE_STRIP = NO;
				DEBUG_INFORMATION_FORMAT = dwarf;
				ENABLE_STRICT_OBJC_MSGSEND = YES;
				ENABLE_TESTABILITY = YES;
				GCC_C_LANGUAGE_STANDARD = gnu11;
				GCC_DYNAMIC_NO_PIC = NO;
				GCC_NO_COMMON_BLOCKS = YES;
				GCC_OPTIMIZATION_LEVEL = 0;
				GCC_PREPROCESSOR_DEFINITIONS = (
					"DEBUG=1",
					"$(inherited)",
				);
				GCC_WARN_64_TO_32_BIT_CONVERSION = YES;
				GCC_WARN_ABOUT_RETURN_TYPE = YES_ERROR;
				GCC_WARN_UNDECLARED_SELECTOR = YES;
				GCC_WARN_UNINITIALIZED_AUTOS = YES_AGGRESSIVE;
				GCC_WARN_UNUSED_FUNCTION = YES;
				GCC_WARN_UNUSED_VARIABLE = YES;
				IPHONEOS_DEPLOYMENT_TARGET = 13.2;
				MTL_ENABLE_DEBUG_INFO = INCLUDE_SOURCE;
				MTL_FAST_MATH = YES;
				ONLY_ACTIVE_ARCH = YES;
				SDKROOT = iphoneos;
				SWIFT_ACTIVE_COMPILATION_CONDITIONS = DEBUG;
				SWIFT_OPTIMIZATION_LEVEL = "-Onone";
			};
			name = Debug;
		};
		9A6F73B4239A995F003CA080 /* Release */ = {
			isa = XCBuildConfiguration;
			buildSettings = {
				ALWAYS_SEARCH_USER_PATHS = NO;
				CLANG_ANALYZER_NONNULL = YES;
				CLANG_ANALYZER_NUMBER_OBJECT_CONVERSION = YES_AGGRESSIVE;
				CLANG_CXX_LANGUAGE_STANDARD = "gnu++14";
				CLANG_CXX_LIBRARY = "libc++";
				CLANG_ENABLE_MODULES = YES;
				CLANG_ENABLE_OBJC_ARC = YES;
				CLANG_ENABLE_OBJC_WEAK = YES;
				CLANG_WARN_BLOCK_CAPTURE_AUTORELEASING = YES;
				CLANG_WARN_BOOL_CONVERSION = YES;
				CLANG_WARN_COMMA = YES;
				CLANG_WARN_CONSTANT_CONVERSION = YES;
				CLANG_WARN_DEPRECATED_OBJC_IMPLEMENTATIONS = YES;
				CLANG_WARN_DIRECT_OBJC_ISA_USAGE = YES_ERROR;
				CLANG_WARN_DOCUMENTATION_COMMENTS = YES;
				CLANG_WARN_EMPTY_BODY = YES;
				CLANG_WARN_ENUM_CONVERSION = YES;
				CLANG_WARN_INFINITE_RECURSION = YES;
				CLANG_WARN_INT_CONVERSION = YES;
				CLANG_WARN_NON_LITERAL_NULL_CONVERSION = YES;
				CLANG_WARN_OBJC_IMPLICIT_RETAIN_SELF = YES;
				CLANG_WARN_OBJC_LITERAL_CONVERSION = YES;
				CLANG_WARN_OBJC_ROOT_CLASS = YES_ERROR;
				CLANG_WARN_RANGE_LOOP_ANALYSIS = YES;
				CLANG_WARN_STRICT_PROTOTYPES = YES;
				CLANG_WARN_SUSPICIOUS_MOVE = YES;
				CLANG_WARN_UNGUARDED_AVAILABILITY = YES_AGGRESSIVE;
				CLANG_WARN_UNREACHABLE_CODE = YES;
				CLANG_WARN__DUPLICATE_METHOD_MATCH = YES;
				COPY_PHASE_STRIP = NO;
				DEBUG_INFORMATION_FORMAT = "dwarf-with-dsym";
				ENABLE_NS_ASSERTIONS = NO;
				ENABLE_STRICT_OBJC_MSGSEND = YES;
				GCC_C_LANGUAGE_STANDARD = gnu11;
				GCC_NO_COMMON_BLOCKS = YES;
				GCC_WARN_64_TO_32_BIT_CONVERSION = YES;
				GCC_WARN_ABOUT_RETURN_TYPE = YES_ERROR;
				GCC_WARN_UNDECLARED_SELECTOR = YES;
				GCC_WARN_UNINITIALIZED_AUTOS = YES_AGGRESSIVE;
				GCC_WARN_UNUSED_FUNCTION = YES;
				GCC_WARN_UNUSED_VARIABLE = YES;
				IPHONEOS_DEPLOYMENT_TARGET = 13.2;
				MTL_ENABLE_DEBUG_INFO = NO;
				MTL_FAST_MATH = YES;
				SDKROOT = iphoneos;
				SWIFT_COMPILATION_MODE = wholemodule;
				SWIFT_OPTIMIZATION_LEVEL = "-O";
				VALIDATE_PRODUCT = YES;
			};
			name = Release;
		};
		9A6F73B6239A995F003CA080 /* Debug */ = {
			isa = XCBuildConfiguration;
			baseConfigurationReference = 2E422758337DAC4E719F34A5 /* Pods-firebase-auth-ios.debug.xcconfig */;
			buildSettings = {
				ASSETCATALOG_COMPILER_APPICON_NAME = AppIcon;
				CODE_SIGN_STYLE = Automatic;
				DEVELOPMENT_TEAM = S72PNYYCT9;
				INFOPLIST_FILE = "firebase-auth-ios/Info.plist";
				LD_RUNPATH_SEARCH_PATHS = (
					"$(inherited)",
					"@executable_path/Frameworks",
				);
				PRODUCT_BUNDLE_IDENTIFIER = "com.example.firebase-auth-ios";
				PRODUCT_NAME = "$(TARGET_NAME)";
				SWIFT_VERSION = 5.0;
				TARGETED_DEVICE_FAMILY = 1;
			};
			name = Debug;
		};
		9A6F73B7239A995F003CA080 /* Release */ = {
			isa = XCBuildConfiguration;
			baseConfigurationReference = C1CF92246BA07D6E3CE90435 /* Pods-firebase-auth-ios.release.xcconfig */;
			buildSettings = {
				ASSETCATALOG_COMPILER_APPICON_NAME = AppIcon;
				CODE_SIGN_STYLE = Automatic;
				DEVELOPMENT_TEAM = S72PNYYCT9;
				INFOPLIST_FILE = "firebase-auth-ios/Info.plist";
				LD_RUNPATH_SEARCH_PATHS = (
					"$(inherited)",
					"@executable_path/Frameworks",
				);
				PRODUCT_BUNDLE_IDENTIFIER = "com.example.firebase-auth-ios";
				PRODUCT_NAME = "$(TARGET_NAME)";
				SWIFT_VERSION = 5.0;
				TARGETED_DEVICE_FAMILY = 1;
			};
			name = Release;
		};
		9A6F73B9239A995F003CA080 /* Debug */ = {
			isa = XCBuildConfiguration;
			baseConfigurationReference = B35E4226CAD97BE5C645B8FB /* Pods-firebase-auth-iosTests.debug.xcconfig */;
			buildSettings = {
				ALWAYS_EMBED_SWIFT_STANDARD_LIBRARIES = YES;
				BUNDLE_LOADER = "$(TEST_HOST)";
				CODE_SIGN_STYLE = Automatic;
				DEVELOPMENT_TEAM = S72PNYYCT9;
				INFOPLIST_FILE = "firebase-auth-iosTests/Info.plist";
				IPHONEOS_DEPLOYMENT_TARGET = 13.2;
				LD_RUNPATH_SEARCH_PATHS = (
					"$(inherited)",
					"@executable_path/Frameworks",
					"@loader_path/Frameworks",
				);
				PRODUCT_BUNDLE_IDENTIFIER = "com.example.firebase-auth-iosTests";
				PRODUCT_NAME = "$(TARGET_NAME)";
				SWIFT_VERSION = 5.0;
				TARGETED_DEVICE_FAMILY = "1,2";
				TEST_HOST = "$(BUILT_PRODUCTS_DIR)/firebase-auth-ios.app/firebase-auth-ios";
			};
			name = Debug;
		};
		9A6F73BA239A995F003CA080 /* Release */ = {
			isa = XCBuildConfiguration;
			baseConfigurationReference = 96DC6388401A6BAB716776CF /* Pods-firebase-auth-iosTests.release.xcconfig */;
			buildSettings = {
				ALWAYS_EMBED_SWIFT_STANDARD_LIBRARIES = YES;
				BUNDLE_LOADER = "$(TEST_HOST)";
				CODE_SIGN_STYLE = Automatic;
				DEVELOPMENT_TEAM = S72PNYYCT9;
				INFOPLIST_FILE = "firebase-auth-iosTests/Info.plist";
				IPHONEOS_DEPLOYMENT_TARGET = 13.2;
				LD_RUNPATH_SEARCH_PATHS = (
					"$(inherited)",
					"@executable_path/Frameworks",
					"@loader_path/Frameworks",
				);
				PRODUCT_BUNDLE_IDENTIFIER = "com.example.firebase-auth-iosTests";
				PRODUCT_NAME = "$(TARGET_NAME)";
				SWIFT_VERSION = 5.0;
				TARGETED_DEVICE_FAMILY = "1,2";
				TEST_HOST = "$(BUILT_PRODUCTS_DIR)/firebase-auth-ios.app/firebase-auth-ios";
			};
			name = Release;
		};
		9A6F73BC239A995F003CA080 /* Debug */ = {
			isa = XCBuildConfiguration;
			baseConfigurationReference = 190F2799467D062B936B05CC /* Pods-firebase-auth-iosUITests.debug.xcconfig */;
			buildSettings = {
				ALWAYS_EMBED_SWIFT_STANDARD_LIBRARIES = YES;
				CODE_SIGN_STYLE = Automatic;
				DEVELOPMENT_TEAM = S72PNYYCT9;
				INFOPLIST_FILE = "firebase-auth-iosUITests/Info.plist";
				LD_RUNPATH_SEARCH_PATHS = (
					"$(inherited)",
					"@executable_path/Frameworks",
					"@loader_path/Frameworks",
				);
				PRODUCT_BUNDLE_IDENTIFIER = "com.example.firebase-auth-iosUITests";
				PRODUCT_NAME = "$(TARGET_NAME)";
				SWIFT_VERSION = 5.0;
				TARGETED_DEVICE_FAMILY = "1,2";
				TEST_TARGET_NAME = "firebase-auth-ios";
			};
			name = Debug;
		};
		9A6F73BD239A995F003CA080 /* Release */ = {
			isa = XCBuildConfiguration;
			baseConfigurationReference = EF0F3A84031FA7EDD06A6C7F /* Pods-firebase-auth-iosUITests.release.xcconfig */;
			buildSettings = {
				ALWAYS_EMBED_SWIFT_STANDARD_LIBRARIES = YES;
				CODE_SIGN_STYLE = Automatic;
				DEVELOPMENT_TEAM = S72PNYYCT9;
				INFOPLIST_FILE = "firebase-auth-iosUITests/Info.plist";
				LD_RUNPATH_SEARCH_PATHS = (
					"$(inherited)",
					"@executable_path/Frameworks",
					"@loader_path/Frameworks",
				);
				PRODUCT_BUNDLE_IDENTIFIER = "com.example.firebase-auth-iosUITests";
				PRODUCT_NAME = "$(TARGET_NAME)";
				SWIFT_VERSION = 5.0;
				TARGETED_DEVICE_FAMILY = "1,2";
				TEST_TARGET_NAME = "firebase-auth-ios";
			};
			name = Release;
		};
/* End XCBuildConfiguration section */

/* Begin XCConfigurationList section */
		9A6F7386239A995E003CA080 /* Build configuration list for PBXProject "firebase-auth-ios" */ = {
			isa = XCConfigurationList;
			buildConfigurations = (
				9A6F73B3239A995F003CA080 /* Debug */,
				9A6F73B4239A995F003CA080 /* Release */,
			);
			defaultConfigurationIsVisible = 0;
			defaultConfigurationName = Release;
		};
		9A6F73B5239A995F003CA080 /* Build configuration list for PBXNativeTarget "firebase-auth-ios" */ = {
			isa = XCConfigurationList;
			buildConfigurations = (
				9A6F73B6239A995F003CA080 /* Debug */,
				9A6F73B7239A995F003CA080 /* Release */,
			);
			defaultConfigurationIsVisible = 0;
			defaultConfigurationName = Release;
		};
		9A6F73B8239A995F003CA080 /* Build configuration list for PBXNativeTarget "firebase-auth-iosTests" */ = {
			isa = XCConfigurationList;
			buildConfigurations = (
				9A6F73B9239A995F003CA080 /* Debug */,
				9A6F73BA239A995F003CA080 /* Release */,
			);
			defaultConfigurationIsVisible = 0;
			defaultConfigurationName = Release;
		};
		9A6F73BB239A995F003CA080 /* Build configuration list for PBXNativeTarget "firebase-auth-iosUITests" */ = {
			isa = XCConfigurationList;
			buildConfigurations = (
				9A6F73BC239A995F003CA080 /* Debug */,
				9A6F73BD239A995F003CA080 /* Release */,
			);
			defaultConfigurationIsVisible = 0;
			defaultConfigurationName = Release;
		};
/* End XCConfigurationList section */
	};
	rootObject = 9A6F7383239A995E003CA080 /* Project object */;
}
